<Solution>
  <Project Path="./AeroTrap/AeroTrap.csproj" />
  <Project Path="./libs/ColorPicker/ColorPicker.csproj" />
  <Project Path="./libs/LucideAvalonia/LucideAvalonia/LucideAvalonia.csproj" />
  <Project Path="./libs/FluentAvalonia/src/FluentAvalonia/FluentAvalonia.csproj" />
  <Project Path="./backend/backend.csproj" />
  <Project Path="./build/_build.csproj">
    <Build Project="false" />
  </Project>
  <Properties Name="ExtensibilityGlobals" Scope="PostLoad">
    <Property Name="RESX_NeutralResourcesLanguage" Value="en-GB" />
  </Properties>
</Solution>
